
Microsoft Visual Studio Solution File, Format Version 12.00
# Visual Studio Version 16
VisualStudioVersion = 16.0.29728.190
MinimumVisualStudioVersion = 10.0.40219.1
Project("{FAE04EC0-301F-11D3-BF4B-00C04F79EFBC}") = "FeedbackCollection", "FeedbackCollection.csproj", "{632D500A-18B4-4682-BF2D-69E36ECD49B7}"
EndProject
Global
	GlobalSection(SolutionConfigurationPlatforms) = preSolution
		Debug|Any CPU = Debug|Any CPU
		Release|Any CPU = Release|Any CPU
	EndGlobalSection
	GlobalSection(ProjectConfigurationPlatforms) = postSolution
		{632D500A-18B4-4682-BF2D-69E36ECD49B7}.Debug|Any CPU.ActiveCfg = Debug|Any CPU
		{632D500A-18B4-4682-BF2D-69E36ECD49B7}.Debug|Any CPU.Build.0 = Debug|Any CPU
		{632D500A-18B4-4682-BF2D-69E36ECD49B7}.Release|Any CPU.ActiveCfg = Release|Any CPU
		{632D500A-18B4-4682-BF2D-69E36ECD49B7}.Release|Any CPU.Build.0 = Release|Any CPU
	EndGlobalSection
	GlobalSection(SolutionProperties) = preSolution
		HideSolutionNode = FALSE
	EndGlobalSection
	GlobalSection(ExtensibilityGlobals) = postSolution
		SolutionGuid = {CE6C0B33-8D15-4E74-8365-85FAE465177C}
	EndGlobalSection
EndGlobal
